
Microsoft Visual Studio Solution File, Format Version 12.00
# Visual Studio Version 17
VisualStudioVersion = 17.5.002.0
MinimumVisualStudioVersion = 10.0.40219.1
Project("{9A19103F-16F7-4668-BE54-9A1E7A4F7556}") = "Final", "Final\Final.csproj", "{AAED5692-0945-4320-8822-B2B9A96C9A53}"
EndProject
Project("{9A19103F-16F7-4668-BE54-9A1E7A4F7556}") = "Starter", "Starter\Starter.csproj", "{A6E5A75B-B8CD-47BA-B2F0-37BC8E5E242E}"
EndProject
Global
	GlobalSection(SolutionConfigurationPlatforms) = preSolution
		Debug|Any CPU = Debug|Any CPU
		Release|Any CPU = Release|Any CPU
	EndGlobalSection
	GlobalSection(ProjectConfigurationPlatforms) = postSolution
		{AAED5692-0945-4320-8822-B2B9A96C9A53}.Debug|Any CPU.ActiveCfg = Debug|Any CPU
		{AAED5692-0945-4320-8822-B2B9A96C9A53}.Debug|Any CPU.Build.0 = Debug|Any CPU
		{AAED5692-0945-4320-8822-B2B9A96C9A53}.Release|Any CPU.ActiveCfg = Release|Any CPU
		{AAED5692-0945-4320-8822-B2B9A96C9A53}.Release|Any CPU.Build.0 = Release|Any CPU
		{A6E5A75B-B8CD-47BA-B2F0-37BC8E5E242E}.Debug|Any CPU.ActiveCfg = Debug|Any CPU
		{A6E5A75B-B8CD-47BA-B2F0-37BC8E5E242E}.Debug|Any CPU.Build.0 = Debug|Any CPU
		{A6E5A75B-B8CD-47BA-B2F0-37BC8E5E242E}.Release|Any CPU.ActiveCfg = Release|Any CPU
		{A6E5A75B-B8CD-47BA-B2F0-37BC8E5E242E}.Release|Any CPU.Build.0 = Release|Any CPU
	EndGlobalSection
	GlobalSection(SolutionProperties) = preSolution
		HideSolutionNode = FALSE
	EndGlobalSection
	GlobalSection(ExtensibilityGlobals) = postSolution
		SolutionGuid = {1E6FCC12-CDEB-46AF-AF4C-D08471ED07B1}
	EndGlobalSection
EndGlobal
